
Microsoft Visual Studio Solution File, Format Version 12.00
# Visual Studio 15
VisualStudioVersion = 15.0.27130.2003
MinimumVisualStudioVersion = 10.0.40219.1
Project("{FAE04EC0-301F-11D3-BF4B-00C04F79EFBC}") = "AbpFramework.web", "AbpFramework\AbpFramework.web.csproj", "{1F30D850-0151-45B5-8C75-32887B1E390D}"
EndProject
Project("{FAE04EC0-301F-11D3-BF4B-00C04F79EFBC}") = "AbpFramewok.Infrastructure", "AbpFramewok.Infrastructure\AbpFramewok.Infrastructure.csproj", "{99ADD660-5984-4C8A-B076-047432210E79}"
EndProject
Project("{FAE04EC0-301F-11D3-BF4B-00C04F79EFBC}") = "AbpFramework.Application", "AbpFramework.Application\AbpFramework.Application.csproj", "{D5AE6076-8BD6-4B97-B15E-6D2A9992C96D}"
EndProject
Project("{FAE04EC0-301F-11D3-BF4B-00C04F79EFBC}") = "AbpFramework.Domain", "AbpFramework.Domain\AbpFramework.Domain.csproj", "{745FE350-A5A2-41DF-8D82-81B3187CC504}"
EndProject
Global
	GlobalSection(SolutionConfigurationPlatforms) = preSolution
		Debug|Any CPU = Debug|Any CPU
		Release|Any CPU = Release|Any CPU
	EndGlobalSection
	GlobalSection(ProjectConfigurationPlatforms) = postSolution
		{1F30D850-0151-45B5-8C75-32887B1E390D}.Debug|Any CPU.ActiveCfg = Debug|Any CPU
		{1F30D850-0151-45B5-8C75-32887B1E390D}.Debug|Any CPU.Build.0 = Debug|Any CPU
		{1F30D850-0151-45B5-8C75-32887B1E390D}.Release|Any CPU.ActiveCfg = Release|Any CPU
		{1F30D850-0151-45B5-8C75-32887B1E390D}.Release|Any CPU.Build.0 = Release|Any CPU
		{99ADD660-5984-4C8A-B076-047432210E79}.Debug|Any CPU.ActiveCfg = Debug|Any CPU
		{99ADD660-5984-4C8A-B076-047432210E79}.Debug|Any CPU.Build.0 = Debug|Any CPU
		{99ADD660-5984-4C8A-B076-047432210E79}.Release|Any CPU.ActiveCfg = Release|Any CPU
		{99ADD660-5984-4C8A-B076-047432210E79}.Release|Any CPU.Build.0 = Release|Any CPU
		{D5AE6076-8BD6-4B97-B15E-6D2A9992C96D}.Debug|Any CPU.ActiveCfg = Debug|Any CPU
		{D5AE6076-8BD6-4B97-B15E-6D2A9992C96D}.Debug|Any CPU.Build.0 = Debug|Any CPU
		{D5AE6076-8BD6-4B97-B15E-6D2A9992C96D}.Release|Any CPU.ActiveCfg = Release|Any CPU
		{D5AE6076-8BD6-4B97-B15E-6D2A9992C96D}.Release|Any CPU.Build.0 = Release|Any CPU
		{745FE350-A5A2-41DF-8D82-81B3187CC504}.Debug|Any CPU.ActiveCfg = Debug|Any CPU
		{745FE350-A5A2-41DF-8D82-81B3187CC504}.Debug|Any CPU.Build.0 = Debug|Any CPU
		{745FE350-A5A2-41DF-8D82-81B3187CC504}.Release|Any CPU.ActiveCfg = Release|Any CPU
		{745FE350-A5A2-41DF-8D82-81B3187CC504}.Release|Any CPU.Build.0 = Release|Any CPU
	EndGlobalSection
	GlobalSection(SolutionProperties) = preSolution
		HideSolutionNode = FALSE
	EndGlobalSection
	GlobalSection(ExtensibilityGlobals) = postSolution
		SolutionGuid = {FEB85E02-3ED8-47E5-A6B2-565ECA9D4CD6}
	EndGlobalSection
EndGlobal
