
Microsoft Visual Studio Solution File, Format Version 12.00
# Visual Studio 15
VisualStudioVersion = 15.0.27130.2003
MinimumVisualStudioVersion = 10.0.40219.1
Project("{FAE04EC0-301F-11D3-BF4B-00C04F79EFBC}") = "AbpFramework.web", "AbpFramework\AbpFramework.web.csproj", "{1F30D850-0151-45B5-8C75-32887B1E390D}"
EndProject
Project("{FAE04EC0-301F-11D3-BF4B-00C04F79EFBC}") = "AbpFramework.Application", "AbpFramework.Application\AbpFramework.Application.csproj", "{43B9B879-A850-4FE8-BFD2-2FF0A7749F5C}"
EndProject
Project("{FAE04EC0-301F-11D3-BF4B-00C04F79EFBC}") = "AbpFramework.Domain", "AbpFramework.Domain\AbpFramework.Domain.csproj", "{826FCD07-3578-4537-9A11-C2D0477DC157}"
EndProject
Project("{FAE04EC0-301F-11D3-BF4B-00C04F79EFBC}") = "AbpFramewok.Infrastructure", "AbpFramewok.Infrastructure\AbpFramewok.Infrastructure.csproj", "{23A9F1F4-7F65-48D2-A10B-C936D851E265}"
EndProject
Global
	GlobalSection(SolutionConfigurationPlatforms) = preSolution
		Debug|Any CPU = Debug|Any CPU
		Release|Any CPU = Release|Any CPU
	EndGlobalSection
	GlobalSection(ProjectConfigurationPlatforms) = postSolution
		{1F30D850-0151-45B5-8C75-32887B1E390D}.Debug|Any CPU.ActiveCfg = Debug|Any CPU
		{1F30D850-0151-45B5-8C75-32887B1E390D}.Debug|Any CPU.Build.0 = Debug|Any CPU
		{1F30D850-0151-45B5-8C75-32887B1E390D}.Release|Any CPU.ActiveCfg = Release|Any CPU
		{1F30D850-0151-45B5-8C75-32887B1E390D}.Release|Any CPU.Build.0 = Release|Any CPU
		{43B9B879-A850-4FE8-BFD2-2FF0A7749F5C}.Debug|Any CPU.ActiveCfg = Debug|Any CPU
		{43B9B879-A850-4FE8-BFD2-2FF0A7749F5C}.Debug|Any CPU.Build.0 = Debug|Any CPU
		{43B9B879-A850-4FE8-BFD2-2FF0A7749F5C}.Release|Any CPU.ActiveCfg = Release|Any CPU
		{43B9B879-A850-4FE8-BFD2-2FF0A7749F5C}.Release|Any CPU.Build.0 = Release|Any CPU
		{826FCD07-3578-4537-9A11-C2D0477DC157}.Debug|Any CPU.ActiveCfg = Debug|Any CPU
		{826FCD07-3578-4537-9A11-C2D0477DC157}.Debug|Any CPU.Build.0 = Debug|Any CPU
		{826FCD07-3578-4537-9A11-C2D0477DC157}.Release|Any CPU.ActiveCfg = Release|Any CPU
		{826FCD07-3578-4537-9A11-C2D0477DC157}.Release|Any CPU.Build.0 = Release|Any CPU
		{23A9F1F4-7F65-48D2-A10B-C936D851E265}.Debug|Any CPU.ActiveCfg = Debug|Any CPU
		{23A9F1F4-7F65-48D2-A10B-C936D851E265}.Debug|Any CPU.Build.0 = Debug|Any CPU
		{23A9F1F4-7F65-48D2-A10B-C936D851E265}.Release|Any CPU.ActiveCfg = Release|Any CPU
		{23A9F1F4-7F65-48D2-A10B-C936D851E265}.Release|Any CPU.Build.0 = Release|Any CPU
	EndGlobalSection
	GlobalSection(SolutionProperties) = preSolution
		HideSolutionNode = FALSE
	EndGlobalSection
	GlobalSection(ExtensibilityGlobals) = postSolution
		SolutionGuid = {FEB85E02-3ED8-47E5-A6B2-565ECA9D4CD6}
	EndGlobalSection
EndGlobal
